
Microsoft Visual Studio Solution File, Format Version 12.00
# Visual Studio Version 17
VisualStudioVersion = 17.8.34330.188
MinimumVisualStudioVersion = 10.0.40219.1
Project("{FAE04EC0-301F-11D3-BF4B-00C04F79EFBC}") = "01_Processes", "01_Processes\01_Processes.csproj", "{FF6D5408-B3E0-42BB-9707-11C7B49B0060}"
EndProject
Project("{FAE04EC0-301F-11D3-BF4B-00C04F79EFBC}") = "02_TaskManager", "02_TaskManager\02_TaskManager.csproj", "{98B917D9-CFCE-4F79-ACA1-9838A0639555}"
EndProject
Global
	GlobalSection(SolutionConfigurationPlatforms) = preSolution
		Debug|Any CPU = Debug|Any CPU
		Release|Any CPU = Release|Any CPU
	EndGlobalSection
	GlobalSection(ProjectConfigurationPlatforms) = postSolution
		{FF6D5408-B3E0-42BB-9707-11C7B49B0060}.Debug|Any CPU.ActiveCfg = Debug|Any CPU
		{FF6D5408-B3E0-42BB-9707-11C7B49B0060}.Debug|Any CPU.Build.0 = Debug|Any CPU
		{FF6D5408-B3E0-42BB-9707-11C7B49B0060}.Release|Any CPU.ActiveCfg = Release|Any CPU
		{FF6D5408-B3E0-42BB-9707-11C7B49B0060}.Release|Any CPU.Build.0 = Release|Any CPU
		{98B917D9-CFCE-4F79-ACA1-9838A0639555}.Debug|Any CPU.ActiveCfg = Debug|Any CPU
		{98B917D9-CFCE-4F79-ACA1-9838A0639555}.Debug|Any CPU.Build.0 = Debug|Any CPU
		{98B917D9-CFCE-4F79-ACA1-9838A0639555}.Release|Any CPU.ActiveCfg = Release|Any CPU
		{98B917D9-CFCE-4F79-ACA1-9838A0639555}.Release|Any CPU.Build.0 = Release|Any CPU
	EndGlobalSection
	GlobalSection(SolutionProperties) = preSolution
		HideSolutionNode = FALSE
	EndGlobalSection
	GlobalSection(ExtensibilityGlobals) = postSolution
		SolutionGuid = {AE124D46-A381-4C17-84CB-484094B00142}
	EndGlobalSection
EndGlobal
